
Microsoft Visual Studio Solution File, Format Version 12.00
# Visual Studio 14
VisualStudioVersion = 14.0.23107.0
MinimumVisualStudioVersion = 10.0.40219.1
Project("{2150E333-8FDC-42A3-9474-1A3956D46DE8}") = "src", "src", "{250517E2-AAAF-4E8F-9C7A-9155A49B717C}"
EndProject
Project("{2150E333-8FDC-42A3-9474-1A3956D46DE8}") = "Solution Items", "Solution Items", "{0F63EAE4-4401-438B-AB70-778FDE0E89AE}"
	ProjectSection(SolutionItems) = preProject
		global.json = global.json
	EndProjectSection
EndProject
Project("{8BB2217D-0F2D-49D1-97BC-3654ED321F3B}") = "Tweetus.Web", "src\Tweetus.Web\Tweetus.Web.xproj", "{067BDD88-4BFE-4EA2-BDA4-34EBCEEEB9C7}"
EndProject
Global
	GlobalSection(SolutionConfigurationPlatforms) = preSolution
		Debug|Any CPU = Debug|Any CPU
		Release|Any CPU = Release|Any CPU
	EndGlobalSection
	GlobalSection(ProjectConfigurationPlatforms) = postSolution
		{067BDD88-4BFE-4EA2-BDA4-34EBCEEEB9C7}.Debug|Any CPU.ActiveCfg = Debug|Any CPU
		{067BDD88-4BFE-4EA2-BDA4-34EBCEEEB9C7}.Debug|Any CPU.Build.0 = Debug|Any CPU
		{067BDD88-4BFE-4EA2-BDA4-34EBCEEEB9C7}.Release|Any CPU.ActiveCfg = Release|Any CPU
		{067BDD88-4BFE-4EA2-BDA4-34EBCEEEB9C7}.Release|Any CPU.Build.0 = Release|Any CPU
	EndGlobalSection
	GlobalSection(SolutionProperties) = preSolution
		HideSolutionNode = FALSE
	EndGlobalSection
	GlobalSection(NestedProjects) = preSolution
		{067BDD88-4BFE-4EA2-BDA4-34EBCEEEB9C7} = {250517E2-AAAF-4E8F-9C7A-9155A49B717C}
	EndGlobalSection
EndGlobal
